<?xml version="1.0" encoding="utf-8"?>
<Project ToolsVersion="4.0" xmlns="http://schemas.microsoft.com/developer/msbuild/2003">
  <ItemGroup>
    <Filter Include="Source Files">
      <UniqueIdentifier>{4FC737F1-C7A5-4376-A066-2A32D752A2FF}</UniqueIdentifier>
      <Extensions>cpp;c;cc;cxx;c++;cppm;ixx;def;odl;idl;hpj;bat;asm;asmx</Extensions>
    </Filter>
    <Filter Include="Resource Files">
      <UniqueIdentifier>{67DA6AB6-F800-4c08-8B7A-83BB121AAD01}</UniqueIdentifier>
      <Extensions>rc;ico;cur;bmp;dlg;rc2;rct;bin;rgs;gif;jpg;jpeg;jpe;resx;tiff;tif;png;wav;mfcribbon-ms</Extensions>
    </Filter>
    <Filter Include="Day1">
      <UniqueIdentifier>{c56cf64f-0661-47a2-bb74-48d8f6b7af2b}</UniqueIdentifier>
    </Filter>
    <Filter Include="Day2">
      <UniqueIdentifier>{0de3f89b-860e-4bc2-a9b9-2734b01eed73}</UniqueIdentifier>
    </Filter>
    <Filter Include="Day3">
      <UniqueIdentifier>{4179ac1c-0094-44c5-8945-31f79fc1b0d0}</UniqueIdentifier>
    </Filter>
    <Filter Include="Day4">
      <UniqueIdentifier>{a2bf411b-9852-40d9-9ce4-1832b4202730}</UniqueIdentifier>
    </Filter>
    <Filter Include="Day5">
      <UniqueIdentifier>{5fb5e9e4-5661-4d78-b0ea-b42bb517e348}</UniqueIdentifier>
    </Filter>
  </ItemGroup>
  <ItemGroup>
    <ClCompile Include="main.cpp">
      <Filter>Source Files</Filter>
    </ClCompile>
    <ClCompile Include="Day1\SonarSweep.cpp">
      <Filter>Day1</Filter>
    </ClCompile>
    <ClCompile Include="Day2\Dive.cpp">
      <Filter>Day2</Filter>
    </ClCompile>
    <ClCompile Include="Day3\BinaryDiagnostic.cpp">
      <Filter>Day3</Filter>
    </ClCompile>
    <ClCompile Include="Day4\GiantSquid.cpp">
      <Filter>Day4</Filter>
    </ClCompile>
    <ClCompile Include="Day5\HydrotermalVenture.cpp">
      <Filter>Day5</Filter>
    </ClCompile>
  </ItemGroup>
  <ItemGroup>
    <ClInclude Include="Day1\SonarSweep.h">
      <Filter>Day1</Filter>
    </ClInclude>
    <ClInclude Include="Day2\Dive.h">
      <Filter>Day2</Filter>
    </ClInclude>
    <ClInclude Include="Day3\BinaryDiagnostic.h">
      <Filter>Day3</Filter>
    </ClInclude>
    <ClInclude Include="Day4\GiantSquid.h">
      <Filter>Day4</Filter>
    </ClInclude>
    <ClInclude Include="Day5\HydrotermalVenture.h">
      <Filter>Day5</Filter>
    </ClInclude>
  </ItemGroup>
  <ItemGroup>
    <Text Include="Day2\DiveInput.txt">
      <Filter>Day2</Filter>
    </Text>
    <Text Include="Day1\SonarSweepInput.txt">
      <Filter>Day1</Filter>
    </Text>
    <Text Include="Day3\BinaryDiagnosticInput.txt">
      <Filter>Day3</Filter>
    </Text>
    <Text Include="Day4\GiantSquidInput.txt">
      <Filter>Day4</Filter>
    </Text>
    <Text Include="Day5\Input.txt">
      <Filter>Day5</Filter>
    </Text>
    <Text Include="Day5\TestInput.txt">
      <Filter>Day5</Filter>
    </Text>
  </ItemGroup>
</Project>