<?xml version="1.0" encoding="utf-8"?>
<Project ToolsVersion="4.0" xmlns="http://schemas.microsoft.com/developer/msbuild/2003">
  <ItemGroup>
    <Filter Include="Source Files">
      <UniqueIdentifier>{4FC737F1-C7A5-4376-A066-2A32D752A2FF}</UniqueIdentifier>
      <Extensions>cpp;c;cc;cxx;c++;cppm;ixx;def;odl;idl;hpj;bat;asm;asmx</Extensions>
    </Filter>
    <Filter Include="Header Files">
      <UniqueIdentifier>{93995380-89BD-4b04-88EB-625FBE52EBFB}</UniqueIdentifier>
      <Extensions>h;hh;hpp;hxx;h++;hm;inl;inc;ipp;xsd</Extensions>
    </Filter>
    <Filter Include="Resource Files">
      <UniqueIdentifier>{67DA6AB6-F800-4c08-8B7A-83BB121AAD01}</UniqueIdentifier>
      <Extensions>rc;ico;cur;bmp;dlg;rc2;rct;bin;rgs;gif;jpg;jpeg;jpe;resx;tiff;tif;png;wav;mfcribbon-ms</Extensions>
    </Filter>
  </ItemGroup>
  <ItemGroup>
    <ClCompile Include="main2023.cpp">
      <Filter>Source Files</Filter>
    </ClCompile>
    <ClCompile Include="Common\Decorator\src\PuzzleEmpty.cpp">
      <Filter>Source Files</Filter>
    </ClCompile>
    <ClCompile Include="Common\Decorator\src\PuzzleDecorator.cpp">
      <Filter>Source Files</Filter>
    </ClCompile>
    <ClCompile Include="Common\Decorator\src\Puzzles.cpp">
      <Filter>Source Files</Filter>
    </ClCompile>
    <ClCompile Include="Day1\src\Trebuchet.cpp">
      <Filter>Source Files</Filter>
    </ClCompile>
    <ClCompile Include="Day2\src\CubeConundrum.cpp">
      <Filter>Source Files</Filter>
    </ClCompile>
    <ClCompile Include="Day3\src\GearRatios.cpp">
      <Filter>Source Files</Filter>
    </ClCompile>
    <ClCompile Include="Day4\src\Scratchcards.cpp">
      <Filter>Source Files</Filter>
    </ClCompile>
    <ClCompile Include="Day5\src\IfYouGiveASeedAFertilizer.cpp">
      <Filter>Source Files</Filter>
    </ClCompile>
    <ClCompile Include="Day6\src\WaitForIt.cpp">
      <Filter>Source Files</Filter>
    </ClCompile>
    <ClCompile Include="Day7\src\CamelCards.cpp">
      <Filter>Source Files</Filter>
    </ClCompile>
    <ClCompile Include="Day8\src\HauntedWasteland.cpp">
      <Filter>Source Files</Filter>
    </ClCompile>
    <ClCompile Include="Day9\src\MirageMaintenance.cpp">
      <Filter>Source Files</Filter>
    </ClCompile>
    <ClCompile Include="Day10\src\PipeMaze.cpp">
      <Filter>Source Files</Filter>
    </ClCompile>
    <ClCompile Include="Day11\src\CosmicExpansion.cpp">
      <Filter>Source Files</Filter>
    </ClCompile>
    <ClCompile Include="Day12\src\HotSprings.cpp">
      <Filter>Source Files</Filter>
    </ClCompile>
    <ClCompile Include="Day13\src\PointOfIncidence.cpp">
      <Filter>Source Files</Filter>
    </ClCompile>
    <ClCompile Include="Day14\src\ParabolicReflectorDish.cpp">
      <Filter>Source Files</Filter>
    </ClCompile>
    <ClCompile Include="Day15\src\LensLibrary.cpp">
      <Filter>Source Files</Filter>
    </ClCompile>
    <ClCompile Include="Day16\src\TheFloorWillBeLava.cpp">
      <Filter>Source Files</Filter>
    </ClCompile>
  </ItemGroup>
  <ItemGroup>
    <Text Include="Day1\res\day1input.txt" />
    <Text Include="Day2\res\day2input.txt" />
    <Text Include="Day3\res\day3input.txt" />
    <Text Include="Day4\res\day4input.txt" />
    <Text Include="Day5\res\day5input.txt" />
    <Text Include="Day6\res\day6input.txt" />
    <Text Include="Day7\res\day7input.txt" />
    <Text Include="Day8\res\day8input.txt" />
    <Text Include="Day9\res\day9input.txt" />
    <Text Include="Day10\res\day10input.txt" />
    <Text Include="Day11\res\day11input.txt" />
    <Text Include="Day12\res\day12input.txt" />
    <Text Include="Day13\res\day13input.txt" />
    <Text Include="Day14\res\day14input.txt" />
    <Text Include="Day15\res\day15input.txt" />
    <Text Include="Day16\res\day16input.txt" />
  </ItemGroup>
  <ItemGroup>
    <ClInclude Include="Common\Decorator\inc\PuzzleComponent.h">
      <Filter>Header Files</Filter>
    </ClInclude>
    <ClInclude Include="Common\Decorator\inc\PuzzleEmpty.h">
      <Filter>Header Files</Filter>
    </ClInclude>
    <ClInclude Include="Common\Decorator\inc\PuzzleDecorator.h">
      <Filter>Header Files</Filter>
    </ClInclude>
    <ClInclude Include="Common\Decorator\inc\Puzzles.h">
      <Filter>Header Files</Filter>
    </ClInclude>
    <ClInclude Include="Day1\inc\Trebuchet.h">
      <Filter>Header Files</Filter>
    </ClInclude>
    <ClInclude Include="Day2\inc\CubeConundrum.h">
      <Filter>Header Files</Filter>
    </ClInclude>
    <ClInclude Include="Day3\inc\GearRatios.h">
      <Filter>Header Files</Filter>
    </ClInclude>
    <ClInclude Include="Day4\inc\Scratchcards.h">
      <Filter>Header Files</Filter>
    </ClInclude>
    <ClInclude Include="Day5\inc\IfYouGiveASeedAFertilizer.h">
      <Filter>Header Files</Filter>
    </ClInclude>
    <ClInclude Include="Day6\inc\WaitForIt.h">
      <Filter>Header Files</Filter>
    </ClInclude>
    <ClInclude Include="Day7\inc\CamelCards.h">
      <Filter>Header Files</Filter>
    </ClInclude>
    <ClInclude Include="Day8\inc\HauntedWasteland.h">
      <Filter>Header Files</Filter>
    </ClInclude>
    <ClInclude Include="Day9\inc\MirageMaintenance.h">
      <Filter>Header Files</Filter>
    </ClInclude>
    <ClInclude Include="Day10\inc\PipeMaze.h">
      <Filter>Header Files</Filter>
    </ClInclude>
    <ClInclude Include="Day11\inc\CosmicExpansion.h">
      <Filter>Header Files</Filter>
    </ClInclude>
    <ClInclude Include="Day12\inc\HotSprings.h">
      <Filter>Header Files</Filter>
    </ClInclude>
    <ClInclude Include="Day13\inc\PointOfIncidence.h">
      <Filter>Header Files</Filter>
    </ClInclude>
    <ClInclude Include="Day14\inc\ParabolicReflectorDish.h">
      <Filter>Header Files</Filter>
    </ClInclude>
    <ClInclude Include="Day15\inc\LensLibrary.h">
      <Filter>Header Files</Filter>
    </ClInclude>
    <ClInclude Include="Day16\inc\TheFloorWillBeLava.h">
      <Filter>Header Files</Filter>
    </ClInclude>
  </ItemGroup>
</Project>