<?xml version="1.0" encoding="utf-8"?>
<Project ToolsVersion="4.0" xmlns="http://schemas.microsoft.com/developer/msbuild/2003">
  <ItemGroup>
    <Filter Include="Source Files">
      <UniqueIdentifier>{4FC737F1-C7A5-4376-A066-2A32D752A2FF}</UniqueIdentifier>
      <Extensions>cpp;c;cc;cxx;c++;cppm;ixx;def;odl;idl;hpj;bat;asm;asmx</Extensions>
    </Filter>
    <Filter Include="Header Files">
      <UniqueIdentifier>{93995380-89BD-4b04-88EB-625FBE52EBFB}</UniqueIdentifier>
      <Extensions>h;hh;hpp;hxx;h++;hm;inl;inc;ipp;xsd</Extensions>
    </Filter>
    <Filter Include="Resource Files">
      <UniqueIdentifier>{67DA6AB6-F800-4c08-8B7A-83BB121AAD01}</UniqueIdentifier>
      <Extensions>rc;ico;cur;bmp;dlg;rc2;rct;bin;rgs;gif;jpg;jpeg;jpe;resx;tiff;tif;png;wav;mfcribbon-ms</Extensions>
    </Filter>
  </ItemGroup>
  <ItemGroup>
    <ClInclude Include="Decorator\inc\PuzzleDecorator.h">
      <Filter>Header Files</Filter>
    </ClInclude>
    <ClInclude Include="Decorator\inc\PuzzleComponent.h">
      <Filter>Header Files</Filter>
    </ClInclude>
    <ClInclude Include="Decorator\inc\EmptyPuzzle.h">
      <Filter>Header Files</Filter>
    </ClInclude>
    <ClInclude Include="Decorator\inc\Puzzles.h">
      <Filter>Header Files</Filter>
    </ClInclude>
    <ClInclude Include="Day1\inc\CalorieCounting.h">
      <Filter>Header Files</Filter>
    </ClInclude>
    <ClInclude Include="Day5\inc\SupplyStacks.h">
      <Filter>Header Files</Filter>
    </ClInclude>
    <ClInclude Include="Day2\inc\RockPaperScissors.h">
      <Filter>Header Files</Filter>
    </ClInclude>
    <ClInclude Include="Day6\inc\TuningTrouble.h">
      <Filter>Header Files</Filter>
    </ClInclude>
    <ClInclude Include="Day7\inc\NoSpaceLeftOnDevice.h">
      <Filter>Header Files</Filter>
    </ClInclude>
  </ItemGroup>
  <ItemGroup>
    <ClCompile Include="Decorator\src\PuzzleDecorator.cpp">
      <Filter>Source Files</Filter>
    </ClCompile>
    <ClCompile Include="main2022.cpp">
      <Filter>Source Files</Filter>
    </ClCompile>
    <ClCompile Include="Decorator\src\EmptyPuzzle.cpp">
      <Filter>Source Files</Filter>
    </ClCompile>
    <ClCompile Include="Decorator\src\Puzzles.cpp">
      <Filter>Source Files</Filter>
    </ClCompile>
    <ClCompile Include="Day1\src\CalorieCounting.cpp">
      <Filter>Source Files</Filter>
    </ClCompile>
    <ClCompile Include="Day5\src\SupplyStacks.cpp">
      <Filter>Source Files</Filter>
    </ClCompile>
    <ClCompile Include="Day2\src\RockPaperScissors.cpp">
      <Filter>Source Files</Filter>
    </ClCompile>
    <ClCompile Include="Day6\src\TuningTrouble.cpp">
      <Filter>Source Files</Filter>
    </ClCompile>
    <ClCompile Include="Day7\src\NoSpaceLeftOnDevice.cpp">
      <Filter>Source Files</Filter>
    </ClCompile>
  </ItemGroup>
  <ItemGroup>
    <Text Include="Day1\res\input.txt" />
    <Text Include="Day5\res\input.txt" />
    <Text Include="Day2\res\input.txt" />
    <Text Include="Day6\res\input.txt" />
    <Text Include="Day7\res\input.txt" />
  </ItemGroup>
</Project>